{
  "lockfile-version": 1,
  "manifest": {
    "version": 1,
    "install": {
      "uv": {
        "pkg-path": "uv"
      }
    },
    "hook": {},
    "profile": {},
    "options": {}
  },
  "packages": [
    {
      "attr_path": "uv",
      "broken": false,
      "derivation": "/nix/store/wgg6xdh7iywa1swy1cv9k0sxx3kf2jnw-uv-0.10.2.drv",
      "description": "Extremely fast Python package installer and resolver, written in Rust",
      "install_id": "uv",
      "license": "[ Apache-2.0, MIT ]",
      "locked_url": "https://github.com/flox/nixpkgs?rev=0182a361324364ae3f436a63005877674cf45efb",
      "name": "uv-0.10.2",
      "pname": "uv",
      "rev": "0182a361324364ae3f436a63005877674cf45efb",
      "rev_count": 948083,
      "rev_date": "2026-02-17T23:04:30Z",
      "scrape_date": "2026-02-19T04:42:25.201613Z",
      "stabilities": [
        "unstable"
      ],
      "unfree": false,
      "version": "0.10.2",
      "outputs_to_install": [
        "out"
      ],
      "outputs": {
        "out": "/nix/store/3vhsffs1rr2vn84f41z8vm3lmya12ig3-uv-0.10.2"
      },
      "system": "aarch64-darwin",
      "group": "toplevel",
      "priority": 5
    },
    {
      "attr_path": "uv",
      "broken": false,
      "derivation": "/nix/store/wb6jzw65qqdv81k4kg7q19wh3b747an7-uv-0.10.2.drv",
      "description": "Extremely fast Python package installer and resolver, written in Rust",
      "install_id": "uv",
      "license": "[ Apache-2.0, MIT ]",
      "locked_url": "https://github.com/flox/nixpkgs?rev=0182a361324364ae3f436a63005877674cf45efb",
      "name": "uv-0.10.2",
      "pname": "uv",
      "rev": "0182a361324364ae3f436a63005877674cf45efb",
      "rev_count": 948083,
      "rev_date": "2026-02-17T23:04:30Z",
      "scrape_date": "2026-02-19T05:16:16.682800Z",
      "stabilities": [
        "unstable"
      ],
      "unfree": false,
      "version": "0.10.2",
      "outputs_to_install": [
        "out"
      ],
      "outputs": {
        "out": "/nix/store/f7nhvja5sbfcgjcfpwd4zmdzl7f5m2h2-uv-0.10.2"
      },
      "system": "aarch64-linux",
      "group": "toplevel",
      "priority": 5
    },
    {
      "attr_path": "uv",
      "broken": false,
      "derivation": "/nix/store/hpwjnifdg4r5izpdfvd9z678xf5zdvnd-uv-0.10.2.drv",
      "description": "Extremely fast Python package installer and resolver, written in Rust",
      "install_id": "uv",
      "license": "[ Apache-2.0, MIT ]",
      "locked_url": "https://github.com/flox/nixpkgs?rev=0182a361324364ae3f436a63005877674cf45efb",
      "name": "uv-0.10.2",
      "pname": "uv",
      "rev": "0182a361324364ae3f436a63005877674cf45efb",
      "rev_count": 948083,
      "rev_date": "2026-02-17T23:04:30Z",
      "scrape_date": "2026-02-19T05:48:10.435101Z",
      "stabilities": [
        "unstable"
      ],
      "unfree": false,
      "version": "0.10.2",
      "outputs_to_install": [
        "out"
      ],
      "outputs": {
        "out": "/nix/store/l4skdwvihbzynnihi5l44c38xcw3xaxh-uv-0.10.2"
      },
      "system": "x86_64-darwin",
      "group": "toplevel",
      "priority": 5
    },
    {
      "attr_path": "uv",
      "broken": false,
      "derivation": "/nix/store/ydcjwj7hbl4pw9prb8x0w75cizgrsnsb-uv-0.10.2.drv",
      "description": "Extremely fast Python package installer and resolver, written in Rust",
      "install_id": "uv",
      "license": "[ Apache-2.0, MIT ]",
      "locked_url": "https://github.com/flox/nixpkgs?rev=0182a361324364ae3f436a63005877674cf45efb",
      "name": "uv-0.10.2",
      "pname": "uv",
      "rev": "0182a361324364ae3f436a63005877674cf45efb",
      "rev_count": 948083,
      "rev_date": "2026-02-17T23:04:30Z",
      "scrape_date": "2026-02-19T06:27:00.965752Z",
      "stabilities": [
        "unstable"
      ],
      "unfree": false,
      "version": "0.10.2",
      "outputs_to_install": [
        "out"
      ],
      "outputs": {
        "out": "/nix/store/ksi4jmfapiqnk1lclzlf2hrdj6s1rzjs-uv-0.10.2"
      },
      "system": "x86_64-linux",
      "group": "toplevel",
      "priority": 5
    }
  ]
}
